# This file is automatically @generated by Cargo.
# It is not intended for manual editing.
version = 4

[[package]]
name = "SVG"
version = "0.1.0"
dependencies = [
 "svg_fmt",
]

[[package]]
name = "svg_fmt"
version = "0.4.5"
source = "registry+https://github.com/rust-lang/crates.io-index"
checksum = "0193cc4331cfd2f3d2011ef287590868599a2f33c3e69bc22c1a3d3acf9e02fb"
